
Microsoft Visual Studio Solution File, Format Version 12.00
# Visual Studio Version 17
VisualStudioVersion = 17.1.32319.34
MinimumVisualStudioVersion = 10.0.40219.1
Project("{8BC9CEB8-8B4A-11D0-8D11-00A0C91BC942}") = "Semana_4_Ej2_Algoritmos", "Semana_4_Ej2_Algoritmos\Semana_4_Ej2_Algoritmos.vcxproj", "{88FC671A-9646-4919-843C-07FFEC0164A4}"
EndProject
Global
	GlobalSection(SolutionConfigurationPlatforms) = preSolution
		Debug|x64 = Debug|x64
		Debug|x86 = Debug|x86
		Release|x64 = Release|x64
		Release|x86 = Release|x86
	EndGlobalSection
	GlobalSection(ProjectConfigurationPlatforms) = postSolution
		{88FC671A-9646-4919-843C-07FFEC0164A4}.Debug|x64.ActiveCfg = Debug|x64
		{88FC671A-9646-4919-843C-07FFEC0164A4}.Debug|x64.Build.0 = Debug|x64
		{88FC671A-9646-4919-843C-07FFEC0164A4}.Debug|x86.ActiveCfg = Debug|Win32
		{88FC671A-9646-4919-843C-07FFEC0164A4}.Debug|x86.Build.0 = Debug|Win32
		{88FC671A-9646-4919-843C-07FFEC0164A4}.Release|x64.ActiveCfg = Release|x64
		{88FC671A-9646-4919-843C-07FFEC0164A4}.Release|x64.Build.0 = Release|x64
		{88FC671A-9646-4919-843C-07FFEC0164A4}.Release|x86.ActiveCfg = Release|Win32
		{88FC671A-9646-4919-843C-07FFEC0164A4}.Release|x86.Build.0 = Release|Win32
	EndGlobalSection
	GlobalSection(SolutionProperties) = preSolution
		HideSolutionNode = FALSE
	EndGlobalSection
	GlobalSection(ExtensibilityGlobals) = postSolution
		SolutionGuid = {38919777-30BF-4CD9-815C-942B0B8CC184}
	EndGlobalSection
EndGlobal
